<?xml version="1.0" encoding="utf-8"?>
<Project ToolsVersion="4.0" xmlns="http://schemas.microsoft.com/developer/msbuild/2003">
  <ItemGroup>
    <Filter Include="Source Files">
      <UniqueIdentifier>{4FC737F1-C7A5-4376-A066-2A32D752A2FF}</UniqueIdentifier>
      <Extensions>cpp;c;cc;cxx;def;odl;idl;hpj;bat;asm;asmx</Extensions>
    </Filter>
    <Filter Include="Header Files">
      <UniqueIdentifier>{93995380-89BD-4b04-88EB-625FBE52EBFB}</UniqueIdentifier>
      <Extensions>h;hpp;hxx;hm;inl;inc;xsd</Extensions>
    </Filter>
    <Filter Include="Resource Files">
      <UniqueIdentifier>{67DA6AB6-F800-4c08-8B7A-83BB121AAD01}</UniqueIdentifier>
      <Extensions>rc;ico;cur;bmp;dlg;rc2;rct;bin;rgs;gif;jpg;jpeg;jpe;resx;tiff;tif;png;wav;mfcribbon-ms</Extensions>
    </Filter>
    <Filter Include="Driver Files">
      <UniqueIdentifier>{8E41214B-6785-4CFE-B992-037D68949A14}</UniqueIdentifier>
      <Extensions>inf;inv;inx;mof;mc;</Extensions>
    </Filter>
    <Filter Include="Source Files\jbd2">
      <UniqueIdentifier>{017ec5ed-5c3e-4eea-b3fc-70e7e7521902}</UniqueIdentifier>
    </Filter>
    <Filter Include="Header Files\jbd2">
      <UniqueIdentifier>{199fa861-ad3a-4597-8a72-0befe08de3a2}</UniqueIdentifier>
    </Filter>
    <Filter Include="Source Files\drv_common">
      <UniqueIdentifier>{f3cca53d-921c-44ff-a229-c701d729a038}</UniqueIdentifier>
    </Filter>
    <Filter Include="Header Files\drv_common">
      <UniqueIdentifier>{d3595a12-7391-42e1-a669-a2a6a07ac592}</UniqueIdentifier>
    </Filter>
  </ItemGroup>
  <ItemGroup>
    <None Include="ReadMe.txt" />
  </ItemGroup>
  <ItemGroup>
    <Inf Include="ext4fsd.inf">
      <Filter>Driver Files</Filter>
    </Inf>
  </ItemGroup>
  <ItemGroup>
    <ClCompile Include="ext4_init.c">
      <Filter>Source Files</Filter>
    </ClCompile>
    <ClCompile Include="ext4_data.c">
      <Filter>Source Files</Filter>
    </ClCompile>
    <ClCompile Include="ext4_create.c">
      <Filter>Source Files</Filter>
    </ClCompile>
    <ClCompile Include="ext4_extent.c">
      <Filter>Source Files</Filter>
    </ClCompile>
    <ClCompile Include="ext4_cachesup.c">
      <Filter>Source Files</Filter>
    </ClCompile>
    <ClCompile Include="ext4_txn.c">
      <Filter>Source Files</Filter>
    </ClCompile>
    <ClCompile Include="ext4_fsctrl.c">
      <Filter>Source Files</Filter>
    </ClCompile>
    <ClCompile Include="jbd2\jbd2_recover.c">
      <Filter>Source Files\jbd2</Filter>
    </ClCompile>
    <ClCompile Include="jbd2\jbd2.c">
      <Filter>Source Files\jbd2</Filter>
    </ClCompile>
  </ItemGroup>
  <ItemGroup>
    <ClInclude Include="jbd2\jbd2.h">
      <Filter>Header Files\jbd2</Filter>
    </ClInclude>
    <ClInclude Include="include\drv_common\drv_atomic.h">
      <Filter>Header Files\drv_common</Filter>
    </ClInclude>
    <ClInclude Include="include\drv_common\drv_endian.h">
      <Filter>Header Files\drv_common</Filter>
    </ClInclude>
    <ClInclude Include="include\drv_common\drv_lock.h">
      <Filter>Header Files\drv_common</Filter>
    </ClInclude>
    <ClInclude Include="include\drv_common\drv_rbtree.h">
      <Filter>Header Files\drv_common</Filter>
    </ClInclude>
    <ClInclude Include="include\drv_common\drv_types.h">
      <Filter>Header Files\drv_common</Filter>
    </ClInclude>
    <ClInclude Include="include\jbd2\jbd2_fs.h">
      <Filter>Header Files\jbd2</Filter>
    </ClInclude>
    <ClInclude Include="include\ext4.h">
      <Filter>Header Files</Filter>
    </ClInclude>
    <ClInclude Include="include\ext4_data.h">
      <Filter>Header Files</Filter>
    </ClInclude>
    <ClInclude Include="ext4_fs.h">
      <Filter>Header Files</Filter>
    </ClInclude>
  </ItemGroup>
</Project>